
Microsoft Visual Studio Solution File, Format Version 12.00
# Visual Studio Version 17
VisualStudioVersion = 17.7.34202.233
MinimumVisualStudioVersion = 10.0.40219.1
Project("{FAE04EC0-301F-11D3-BF4B-00C04F79EFBC}") = "MVMCrudDemo", "MVMCrudDemo.csproj", "{7141AE23-5A3C-4C8E-8832-B550647B321A}"
EndProject
Global
	GlobalSection(SolutionConfigurationPlatforms) = preSolution
		Debug|Any CPU = Debug|Any CPU
		Release|Any CPU = Release|Any CPU
	EndGlobalSection
	GlobalSection(ProjectConfigurationPlatforms) = postSolution
		{7141AE23-5A3C-4C8E-8832-B550647B321A}.Debug|Any CPU.ActiveCfg = Debug|Any CPU
		{7141AE23-5A3C-4C8E-8832-B550647B321A}.Debug|Any CPU.Build.0 = Debug|Any CPU
		{7141AE23-5A3C-4C8E-8832-B550647B321A}.Debug|Any CPU.Deploy.0 = Debug|Any CPU
		{7141AE23-5A3C-4C8E-8832-B550647B321A}.Release|Any CPU.ActiveCfg = Release|Any CPU
		{7141AE23-5A3C-4C8E-8832-B550647B321A}.Release|Any CPU.Build.0 = Release|Any CPU
		{7141AE23-5A3C-4C8E-8832-B550647B321A}.Release|Any CPU.Deploy.0 = Release|Any CPU
	EndGlobalSection
	GlobalSection(SolutionProperties) = preSolution
		HideSolutionNode = FALSE
	EndGlobalSection
	GlobalSection(ExtensibilityGlobals) = postSolution
		SolutionGuid = {6EB241F2-CC4B-40FD-9CFD-768043EF94F5}
	EndGlobalSection
EndGlobal
